// !$*UTF8*$!
{
	archiveVersion = 1;
	classes = {
	};
	objectVersion = 77;
	objects = {

/* Begin PBXContainerItemProxy section */
		8A11A0000000000000000090 /* PBXContainerItemProxy */ = {
			isa = PBXContainerItemProxy;
			containerPortal = 8A11A0000000000000000001 /* Project object */;
			proxyType = 1;
			remoteGlobalIDString = 8A11A0000000000000000002;
			remoteInfo = TreasureRadar;
		};
/* End PBXContainerItemProxy section */

/* Begin PBXFileReference section */
		8A11A0000000000000000010 /* TreasureRadar.app */ = {isa = PBXFileReference; explicitFileType = wrapper.application; includeInIndex = 0; path = TreasureRadar.app; sourceTree = BUILT_PRODUCTS_DIR; };
		8A11A0000000000000000011 /* TreasureRadarTests.xctest */ = {isa = PBXFileReference; explicitFileType = wrapper.cfbundle; includeInIndex = 0; path = TreasureRadarTests.xctest; sourceTree = BUILT_PRODUCTS_DIR; };
/* End PBXFileReference section */

/* Begin PBXFileSystemSynchronizedRootGroup section */
		8A11A0000000000000000020 /* TreasureRadar */ = {
			isa = PBXFileSystemSynchronizedRootGroup;
			exceptions = (
				8A11A0000000000000000022 /* Exceptions for "TreasureRadar" folder in "TreasureRadar" target */,
			);
			path = TreasureRadar;
			sourceTree = "<group>";
		};
		8A11A0000000000000000021 /* TreasureRadarTests */ = {
			isa = PBXFileSystemSynchronizedRootGroup;
			path = TreasureRadarTests;
			sourceTree = "<group>";
		};
/* End PBXFileSystemSynchronizedRootGroup section */

/* Begin PBXFileSystemSynchronizedBuildFileExceptionSet section */
		8A11A0000000000000000022 /* Exceptions for "TreasureRadar" folder in "TreasureRadar" target */ = {
			isa = PBXFileSystemSynchronizedBuildFileExceptionSet;
			membershipExceptions = (
				Info.plist,
			);
			target = 8A11A0000000000000000002 /* TreasureRadar */;
		};
/* End PBXFileSystemSynchronizedBuildFileExceptionSet section */

/* Begin PBXFrameworksBuildPhase section */
		8A11A0000000000000000061 /* Frameworks */ = {
			isa = PBXFrameworksBuildPhase;
			buildActionMask = 2147483647;
			files = (
			);
			runOnlyForDeploymentPostprocessing = 0;
		};
		8A11A0000000000000000071 /* Frameworks */ = {
			isa = PBXFrameworksBuildPhase;
			buildActionMask = 2147483647;
			files = (
			);
			runOnlyForDeploymentPostprocessing = 0;
		};
/* End PBXFrameworksBuildPhase section */

/* Begin PBXGroup section */
		8A11A0000000000000000030 /* Products */ = {
			isa = PBXGroup;
			children = (
				8A11A0000000000000000010 /* TreasureRadar.app */,
				8A11A0000000000000000011 /* TreasureRadarTests.xctest */,
			);
			name = Products;
			sourceTree = "<group>";
		};
		8A11A0000000000000000040 = {
			isa = PBXGroup;
			children = (
				8A11A0000000000000000020 /* TreasureRadar */,
				8A11A0000000000000000021 /* TreasureRadarTests */,
				8A11A0000000000000000030 /* Products */,
			);
			sourceTree = "<group>";
		};
/* End PBXGroup section */

/* Begin PBXNativeTarget section */
		8A11A0000000000000000002 /* TreasureRadar */ = {
			isa = PBXNativeTarget;
			buildConfigurationList = 8A11A0000000000000000050 /* Build configuration list for PBXNativeTarget "TreasureRadar" */;
			buildPhases = (
				8A11A0000000000000000060 /* Sources */,
				8A11A0000000000000000061 /* Frameworks */,
				8A11A0000000000000000062 /* Resources */,
			);
			buildRules = (
			);
			dependencies = (
			);
			fileSystemSynchronizedGroups = (
				8A11A0000000000000000020 /* TreasureRadar */,
			);
			name = TreasureRadar;
			productName = TreasureRadar;
			productReference = 8A11A0000000000000000010 /* TreasureRadar.app */;
			productType = "com.apple.product-type.application";
		};
		8A11A0000000000000000003 /* TreasureRadarTests */ = {
			isa = PBXNativeTarget;
			buildConfigurationList = 8A11A0000000000000000051 /* Build configuration list for PBXNativeTarget "TreasureRadarTests" */;
			buildPhases = (
				8A11A0000000000000000070 /* Sources */,
				8A11A0000000000000000071 /* Frameworks */,
			);
			buildRules = (
			);
			dependencies = (
				8A11A0000000000000000091 /* PBXTargetDependency */,
			);
			fileSystemSynchronizedGroups = (
				8A11A0000000000000000021 /* TreasureRadarTests */,
			);
			name = TreasureRadarTests;
			productName = TreasureRadarTests;
			productReference = 8A11A0000000000000000011 /* TreasureRadarTests.xctest */;
			productType = "com.apple.product-type.bundle.unit-test";
		};
/* End PBXNativeTarget section */

/* Begin PBXProject section */
		8A11A0000000000000000001 /* Project object */ = {
			isa = PBXProject;
			attributes = {
				BuildIndependentTargetsInParallel = 1;
				LastSwiftUpdateCheck = 2620;
				LastUpgradeCheck = 2620;
				TargetAttributes = {
					8A11A0000000000000000002 = {
						CreatedOnToolsVersion = 26.2;
					};
					8A11A0000000000000000003 = {
						CreatedOnToolsVersion = 26.2;
						TestTargetID = 8A11A0000000000000000002;
					};
				};
			};
			buildConfigurationList = 8A11A0000000000000000052 /* Build configuration list for PBXProject "TreasureRadar" */;
			developmentRegion = ja;
			hasScannedForEncodings = 0;
			knownRegions = (
				en,
				Base,
				ja,
			);
			mainGroup = 8A11A0000000000000000040;
			minimizedProjectReferenceProxies = 1;
			preferredProjectObjectVersion = 77;
			productRefGroup = 8A11A0000000000000000030 /* Products */;
			projectDirPath = "";
			projectRoot = "";
			targets = (
				8A11A0000000000000000002 /* TreasureRadar */,
				8A11A0000000000000000003 /* TreasureRadarTests */,
			);
		};
/* End PBXProject section */

/* Begin PBXResourcesBuildPhase section */
		8A11A0000000000000000062 /* Resources */ = {
			isa = PBXResourcesBuildPhase;
			buildActionMask = 2147483647;
			files = (
			);
			runOnlyForDeploymentPostprocessing = 0;
		};
/* End PBXResourcesBuildPhase section */

/* Begin PBXSourcesBuildPhase section */
		8A11A0000000000000000060 /* Sources */ = {
			isa = PBXSourcesBuildPhase;
			buildActionMask = 2147483647;
			files = (
			);
			runOnlyForDeploymentPostprocessing = 0;
		};
		8A11A0000000000000000070 /* Sources */ = {
			isa = PBXSourcesBuildPhase;
			buildActionMask = 2147483647;
			files = (
			);
			runOnlyForDeploymentPostprocessing = 0;
		};
/* End PBXSourcesBuildPhase section */

/* Begin PBXTargetDependency section */
		8A11A0000000000000000091 /* PBXTargetDependency */ = {
			isa = PBXTargetDependency;
			target = 8A11A0000000000000000002 /* TreasureRadar */;
			targetProxy = 8A11A0000000000000000090 /* PBXContainerItemProxy */;
		};
/* End PBXTargetDependency section */

/* Begin XCBuildConfiguration section */
		8A11A0000000000000000080 /* Debug */ = {
			isa = XCBuildConfiguration;
			buildSettings = {
				ALWAYS_SEARCH_USER_PATHS = NO;
				ASSETCATALOG_COMPILER_GENERATE_SWIFT_ASSET_SYMBOL_EXTENSIONS = YES;
				CLANG_ENABLE_MODULES = YES;
				CLANG_ENABLE_OBJC_ARC = YES;
				COPY_PHASE_STRIP = NO;
				DEBUG_INFORMATION_FORMAT = dwarf;
				ENABLE_STRICT_OBJC_MSGSEND = YES;
				ENABLE_TESTABILITY = YES;
				ENABLE_USER_SCRIPT_SANDBOXING = YES;
				GCC_DYNAMIC_NO_PIC = NO;
				GCC_OPTIMIZATION_LEVEL = 0;
				LOCALIZATION_PREFERS_STRING_CATALOGS = YES;
				MTL_ENABLE_DEBUG_INFO = INCLUDE_SOURCE;
				ONLY_ACTIVE_ARCH = YES;
				SDKROOT = iphoneos;
				SWIFT_ACTIVE_COMPILATION_CONDITIONS = "DEBUG $(inherited)";
				SWIFT_OPTIMIZATION_LEVEL = "-Onone";
				SWIFT_STRICT_CONCURRENCY = complete;
				SWIFT_VERSION = 6.0;
			};
			name = Debug;
		};
		8A11A0000000000000000081 /* Release */ = {
			isa = XCBuildConfiguration;
			buildSettings = {
				ALWAYS_SEARCH_USER_PATHS = NO;
				ASSETCATALOG_COMPILER_GENERATE_SWIFT_ASSET_SYMBOL_EXTENSIONS = YES;
				CLANG_ENABLE_MODULES = YES;
				CLANG_ENABLE_OBJC_ARC = YES;
				COPY_PHASE_STRIP = NO;
				DEBUG_INFORMATION_FORMAT = "dwarf-with-dsym";
				ENABLE_NS_ASSERTIONS = NO;
				ENABLE_STRICT_OBJC_MSGSEND = YES;
				ENABLE_USER_SCRIPT_SANDBOXING = YES;
				LOCALIZATION_PREFERS_STRING_CATALOGS = YES;
				MTL_ENABLE_DEBUG_INFO = NO;
				SDKROOT = iphoneos;
				SWIFT_COMPILATION_MODE = wholemodule;
				SWIFT_STRICT_CONCURRENCY = complete;
				SWIFT_VERSION = 6.0;
				VALIDATE_PRODUCT = YES;
			};
			name = Release;
		};
		8A11A0000000000000000082 /* Debug */ = {
			isa = XCBuildConfiguration;
			buildSettings = {
				ASSETCATALOG_COMPILER_APPICON_NAME = AppIcon;
				ASSETCATALOG_COMPILER_GLOBAL_ACCENT_COLOR_NAME = AccentColor;
				CODE_SIGN_STYLE = Automatic;
				CURRENT_PROJECT_VERSION = 1;
				DEVELOPMENT_TEAM = UMS95NYGUN;
				ENABLE_PREVIEWS = YES;
				GENERATE_INFOPLIST_FILE = YES;
				INFOPLIST_FILE = TreasureRadar/Info.plist;
				INFOPLIST_KEY_CFBundleDisplayName = "しきしろレーダー";
				INFOPLIST_KEY_LSApplicationCategoryType = "public.app-category.entertainment";
				INFOPLIST_KEY_NSBluetoothAlwaysUsageDescription = "隠したスマホのBluetooth電波を探すために使います。";
				INFOPLIST_KEY_NSBluetoothPeripheralUsageDescription = "しきしろの電波を発信するためにBluetoothを使います。";
				INFOPLIST_KEY_NSCameraUsageDescription = "UWBでしきしろの方角を出すためにカメラを使います。写真は撮りません。";
				INFOPLIST_KEY_NSLocalNetworkUsageDescription = "近くのiPhoneとUWBで方位を測るために使います。";
				INFOPLIST_KEY_NSLocationWhenInUseUsageDescription = "しきしろの電波を探す、かくしたスマホが近づきを知るために使います。";
				INFOPLIST_KEY_NSNearbyInteractionUsageDescription = "近くまで来たら正確な距離と方角を出すために超広帯域無線（UWB）を使います。";
				INFOPLIST_KEY_UIApplicationSceneManifest_Generation = YES;
				INFOPLIST_KEY_UIApplicationSupportsIndirectInputEvents = YES;
				INFOPLIST_KEY_UILaunchScreen_Generation = YES;
				INFOPLIST_KEY_UISupportedInterfaceOrientations = UIInterfaceOrientationPortrait;
				INFOPLIST_KEY_UISupportedInterfaceOrientations_iPad = UIInterfaceOrientationPortrait;
				IPHONEOS_DEPLOYMENT_TARGET = 17.0;
				LD_RUNPATH_SEARCH_PATHS = (
					"$(inherited)",
					"@executable_path/Frameworks",
				);
				MARKETING_VERSION = 1.0;
				PRODUCT_BUNDLE_IDENTIFIER = com.treasureradar.app;
				PRODUCT_NAME = "$(TARGET_NAME)";
				SUPPORTED_PLATFORMS = "iphoneos iphonesimulator";
				SUPPORTS_MACCATALYST = NO;
				SWIFT_EMIT_LOC_STRINGS = YES;
				SWIFT_VERSION = 6.0;
				TARGETED_DEVICE_FAMILY = "1,2";
			};
			name = Debug;
		};
		8A11A0000000000000000083 /* Release */ = {
			isa = XCBuildConfiguration;
			buildSettings = {
				ASSETCATALOG_COMPILER_APPICON_NAME = AppIcon;
				ASSETCATALOG_COMPILER_GLOBAL_ACCENT_COLOR_NAME = AccentColor;
				CODE_SIGN_STYLE = Automatic;
				CURRENT_PROJECT_VERSION = 1;
				DEVELOPMENT_TEAM = UMS95NYGUN;
				ENABLE_PREVIEWS = YES;
				GENERATE_INFOPLIST_FILE = YES;
				INFOPLIST_FILE = TreasureRadar/Info.plist;
				INFOPLIST_KEY_CFBundleDisplayName = "しきしろレーダー";
				INFOPLIST_KEY_LSApplicationCategoryType = "public.app-category.entertainment";
				INFOPLIST_KEY_NSBluetoothAlwaysUsageDescription = "隠したスマホのBluetooth電波を探すために使います。";
				INFOPLIST_KEY_NSBluetoothPeripheralUsageDescription = "しきしろの電波を発信するためにBluetoothを使います。";
				INFOPLIST_KEY_NSCameraUsageDescription = "UWBでしきしろの方角を出すためにカメラを使います。写真は撮りません。";
				INFOPLIST_KEY_NSLocalNetworkUsageDescription = "近くのiPhoneとUWBで方位を測るために使います。";
				INFOPLIST_KEY_NSLocationWhenInUseUsageDescription = "しきしろの電波を探す、かくしたスマホが近づきを知るために使います。";
				INFOPLIST_KEY_NSNearbyInteractionUsageDescription = "近くまで来たら正確な距離と方角を出すために超広帯域無線（UWB）を使います。";
				INFOPLIST_KEY_UIApplicationSceneManifest_Generation = YES;
				INFOPLIST_KEY_UIApplicationSupportsIndirectInputEvents = YES;
				INFOPLIST_KEY_UILaunchScreen_Generation = YES;
				INFOPLIST_KEY_UISupportedInterfaceOrientations = UIInterfaceOrientationPortrait;
				INFOPLIST_KEY_UISupportedInterfaceOrientations_iPad = UIInterfaceOrientationPortrait;
				IPHONEOS_DEPLOYMENT_TARGET = 17.0;
				LD_RUNPATH_SEARCH_PATHS = (
					"$(inherited)",
					"@executable_path/Frameworks",
				);
				MARKETING_VERSION = 1.0;
				PRODUCT_BUNDLE_IDENTIFIER = com.treasureradar.app;
				PRODUCT_NAME = "$(TARGET_NAME)";
				SUPPORTED_PLATFORMS = "iphoneos iphonesimulator";
				SUPPORTS_MACCATALYST = NO;
				SWIFT_EMIT_LOC_STRINGS = YES;
				SWIFT_VERSION = 6.0;
				TARGETED_DEVICE_FAMILY = "1,2";
			};
			name = Release;
		};
		8A11A0000000000000000084 /* Debug */ = {
			isa = XCBuildConfiguration;
			buildSettings = {
				BUNDLE_LOADER = "$(TEST_HOST)";
				CODE_SIGN_STYLE = Automatic;
				CURRENT_PROJECT_VERSION = 1;
				DEVELOPMENT_TEAM = "";
				GENERATE_INFOPLIST_FILE = YES;
				IPHONEOS_DEPLOYMENT_TARGET = 17.0;
				MARKETING_VERSION = 1.0;
				PRODUCT_BUNDLE_IDENTIFIER = com.treasureradar.app.tests;
				PRODUCT_NAME = "$(TARGET_NAME)";
				SWIFT_VERSION = 6.0;
				TARGETED_DEVICE_FAMILY = "1,2";
				TEST_HOST = "$(BUILT_PRODUCTS_DIR)/TreasureRadar.app/$(BUNDLE_EXECUTABLE_FOLDER_PATH)/TreasureRadar";
			};
			name = Debug;
		};
		8A11A0000000000000000085 /* Release */ = {
			isa = XCBuildConfiguration;
			buildSettings = {
				BUNDLE_LOADER = "$(TEST_HOST)";
				CODE_SIGN_STYLE = Automatic;
				CURRENT_PROJECT_VERSION = 1;
				DEVELOPMENT_TEAM = "";
				GENERATE_INFOPLIST_FILE = YES;
				IPHONEOS_DEPLOYMENT_TARGET = 17.0;
				MARKETING_VERSION = 1.0;
				PRODUCT_BUNDLE_IDENTIFIER = com.treasureradar.app.tests;
				PRODUCT_NAME = "$(TARGET_NAME)";
				SWIFT_VERSION = 6.0;
				TARGETED_DEVICE_FAMILY = "1,2";
				TEST_HOST = "$(BUILT_PRODUCTS_DIR)/TreasureRadar.app/$(BUNDLE_EXECUTABLE_FOLDER_PATH)/TreasureRadar";
			};
			name = Release;
		};
/* End XCBuildConfiguration section */

/* Begin XCConfigurationList section */
		8A11A0000000000000000050 /* Build configuration list for PBXNativeTarget "TreasureRadar" */ = {
			isa = XCConfigurationList;
			buildConfigurations = (
				8A11A0000000000000000082 /* Debug */,
				8A11A0000000000000000083 /* Release */,
			);
			defaultConfigurationIsVisible = 0;
			defaultConfigurationName = Release;
		};
		8A11A0000000000000000051 /* Build configuration list for PBXNativeTarget "TreasureRadarTests" */ = {
			isa = XCConfigurationList;
			buildConfigurations = (
				8A11A0000000000000000084 /* Debug */,
				8A11A0000000000000000085 /* Release */,
			);
			defaultConfigurationIsVisible = 0;
			defaultConfigurationName = Release;
		};
		8A11A0000000000000000052 /* Build configuration list for PBXProject "TreasureRadar" */ = {
			isa = XCConfigurationList;
			buildConfigurations = (
				8A11A0000000000000000080 /* Debug */,
				8A11A0000000000000000081 /* Release */,
			);
			defaultConfigurationIsVisible = 0;
			defaultConfigurationName = Release;
		};
/* End XCConfigurationList section */
	};
	rootObject = 8A11A0000000000000000001 /* Project object */;
}
